
Microsoft Visual Studio Solution File, Format Version 12.00
# Visual Studio 15
VisualStudioVersion = 15.0.27004.2006
MinimumVisualStudioVersion = 10.0.40219.1
Project("{8BC9CEB8-8B4A-11D0-8D11-00A0C91BC942}") = "Daliy_Algorithms", "Daliy_Algorithms\Daliy_Algorithms.vcxproj", "{431E559E-8E4F-4B04-9BF8-02D9F0DF7507}"
EndProject
Global
	GlobalSection(SolutionConfigurationPlatforms) = preSolution
		Debug|x64 = Debug|x64
		Debug|x86 = Debug|x86
		Release|x64 = Release|x64
		Release|x86 = Release|x86
	EndGlobalSection
	GlobalSection(ProjectConfigurationPlatforms) = postSolution
		{431E559E-8E4F-4B04-9BF8-02D9F0DF7507}.Debug|x64.ActiveCfg = Debug|x64
		{431E559E-8E4F-4B04-9BF8-02D9F0DF7507}.Debug|x64.Build.0 = Debug|x64
		{431E559E-8E4F-4B04-9BF8-02D9F0DF7507}.Debug|x86.ActiveCfg = Debug|Win32
		{431E559E-8E4F-4B04-9BF8-02D9F0DF7507}.Debug|x86.Build.0 = Debug|Win32
		{431E559E-8E4F-4B04-9BF8-02D9F0DF7507}.Release|x64.ActiveCfg = Release|x64
		{431E559E-8E4F-4B04-9BF8-02D9F0DF7507}.Release|x64.Build.0 = Release|x64
		{431E559E-8E4F-4B04-9BF8-02D9F0DF7507}.Release|x86.ActiveCfg = Release|Win32
		{431E559E-8E4F-4B04-9BF8-02D9F0DF7507}.Release|x86.Build.0 = Release|Win32
	EndGlobalSection
	GlobalSection(SolutionProperties) = preSolution
		HideSolutionNode = FALSE
	EndGlobalSection
	GlobalSection(ExtensibilityGlobals) = postSolution
		SolutionGuid = {775CA495-0A78-42DF-BB26-E8D14B63B60C}
	EndGlobalSection
EndGlobal
